
Microsoft Visual Studio Solution File, Format Version 12.00
# Visual Studio Version 16
VisualStudioVersion = 16.0.30611.23
MinimumVisualStudioVersion = 10.0.40219.1
Project("{FAE04EC0-301F-11D3-BF4B-00C04F79EFBC}") = "NetCoreRedisPractice", "NetCoreRedisPractice\NetCoreRedisPractice.csproj", "{B56C90CF-A932-4752-AAAB-D094063981DF}"
EndProject
Global
	GlobalSection(SolutionConfigurationPlatforms) = preSolution
		Debug|Any CPU = Debug|Any CPU
		Release|Any CPU = Release|Any CPU
	EndGlobalSection
	GlobalSection(ProjectConfigurationPlatforms) = postSolution
		{B56C90CF-A932-4752-AAAB-D094063981DF}.Debug|Any CPU.ActiveCfg = Debug|Any CPU
		{B56C90CF-A932-4752-AAAB-D094063981DF}.Debug|Any CPU.Build.0 = Debug|Any CPU
		{B56C90CF-A932-4752-AAAB-D094063981DF}.Release|Any CPU.ActiveCfg = Release|Any CPU
		{B56C90CF-A932-4752-AAAB-D094063981DF}.Release|Any CPU.Build.0 = Release|Any CPU
	EndGlobalSection
	GlobalSection(SolutionProperties) = preSolution
		HideSolutionNode = FALSE
	EndGlobalSection
	GlobalSection(ExtensibilityGlobals) = postSolution
		SolutionGuid = {0007DC82-6273-4D4D-A29C-9E9194236137}
	EndGlobalSection
EndGlobal
